
Microsoft Visual Studio Solution File, Format Version 12.00
# Visual Studio Version 16
VisualStudioVersion = 16.0.30204.135
MinimumVisualStudioVersion = 10.0.40219.1
Project("{FAE04EC0-301F-11D3-BF4B-00C04F79EFBC}") = "Hello World", "Hello World\Hello World.csproj", "{E85D03A6-E566-4FB0-833A-15568C28A654}"
EndProject
Global
	GlobalSection(SolutionConfigurationPlatforms) = preSolution
		Debug|Any CPU = Debug|Any CPU
		Release|Any CPU = Release|Any CPU
	EndGlobalSection
	GlobalSection(ProjectConfigurationPlatforms) = postSolution
		{E85D03A6-E566-4FB0-833A-15568C28A654}.Debug|Any CPU.ActiveCfg = Debug|Any CPU
		{E85D03A6-E566-4FB0-833A-15568C28A654}.Debug|Any CPU.Build.0 = Debug|Any CPU
		{E85D03A6-E566-4FB0-833A-15568C28A654}.Release|Any CPU.ActiveCfg = Release|Any CPU
		{E85D03A6-E566-4FB0-833A-15568C28A654}.Release|Any CPU.Build.0 = Release|Any CPU
	EndGlobalSection
	GlobalSection(SolutionProperties) = preSolution
		HideSolutionNode = FALSE
	EndGlobalSection
	GlobalSection(ExtensibilityGlobals) = postSolution
		SolutionGuid = {E6FFA85A-1E18-4722-90BD-AEB1628DAF32}
	EndGlobalSection
EndGlobal
